Microsoft Visual Studio Solution File, Format Version 12.00
# Visual Studio Version 17
VisualStudioVersion = 17.0.31314.256
MinimumVisualStudioVersion = 10.0.40219.1
Project("{2150E333-8FDC-42A3-9474-1A3956D46DE8}") = "Engine", "Engine", "{233774A8-CC9D-3FA9-86D1-90573E92B704}"
EndProject
Project("{8BC9CEB8-8B4A-11D0-8D11-00A0C91BC942}") = "UE5", "Intermediate\ProjectFiles\UE5.vcxproj", "{85CFFE1C-0967-3034-8737-86C7AB43ACEE}"
EndProject
Project("{2150E333-8FDC-42A3-9474-1A3956D46DE8}") = "Visualizers", "Visualizers", "{1CCEC849-CC72-4C59-8C36-2F7C38706D4C}"
	ProjectSection(SolutionItems) = preProject
		..\..\..\Program Files\Epic Games\UE_5.8\Engine\Extras\VisualStudioDebugging\Unreal.natjmc = ..\..\..\Program Files\Epic Games\UE_5.8\Engine\Extras\VisualStudioDebugging\Unreal.natjmc
		..\..\..\Program Files\Epic Games\UE_5.8\Engine\Extras\VisualStudioDebugging\Unreal.natstepfilter = ..\..\..\Program Files\Epic Games\UE_5.8\Engine\Extras\VisualStudioDebugging\Unreal.natstepfilter
		..\..\..\Program Files\Epic Games\UE_5.8\Engine\Extras\VisualStudioDebugging\Unreal.natvis = ..\..\..\Program Files\Epic Games\UE_5.8\Engine\Extras\VisualStudioDebugging\Unreal.natvis
	EndProjectSection
EndProject
Global
	GlobalSection(SolutionConfigurationPlatforms) = preSolution
		BuiltWithUnrealBuildTool|Win64 = BuiltWithUnrealBuildTool|Win64
		Invalid|Win64 = Invalid|Win64
	EndGlobalSection
	GlobalSection(ProjectConfigurationPlatforms) = postSolution
		{85CFFE1C-0967-3034-8737-86C7AB43ACEE}.BuiltWithUnrealBuildTool|Win64.ActiveCfg = BuiltWithUnrealBuildTool|Win64
		{85CFFE1C-0967-3034-8737-86C7AB43ACEE}.BuiltWithUnrealBuildTool|Win64.Build.0 = BuiltWithUnrealBuildTool|Win64
		{85CFFE1C-0967-3034-8737-86C7AB43ACEE}.Invalid|Win64.ActiveCfg = Invalid|Win64
		{85CFFE1C-0967-3034-8737-86C7AB43ACEE}.Invalid|Win64.Build.0 = Invalid|Win64
	EndGlobalSection
	GlobalSection(SolutionProperties) = preSolution
		HideSolutionNode = FALSE
	EndGlobalSection
	GlobalSection(NestedProjects) = preSolution
		{85CFFE1C-0967-3034-8737-86C7AB43ACEE} = {233774A8-CC9D-3FA9-86D1-90573E92B704}
	EndGlobalSection
	GlobalSection(ddbf523f-7eb6-4887-bd51-85a714ff87eb) = preSolution
		AvailablePlatforms = 
	EndGlobalSection
EndGlobal
